
Microsoft Visual Studio Solution File, Format Version 12.00
# Visual Studio Version 16
VisualStudioVersion = 16.0.29613.14
MinimumVisualStudioVersion = 10.0.40219.1
Project("{FAE04EC0-301F-11D3-BF4B-00C04F79EFBC}") = "TutoringApp.Android", "TutoringApp\TutoringApp.Android\TutoringApp.Android.csproj", "{1FB49690-80F6-4894-9E5C-0D447AC5A8C6}"
EndProject
Project("{FAE04EC0-301F-11D3-BF4B-00C04F79EFBC}") = "TutoringApp.iOS", "TutoringApp\TutoringApp.iOS\TutoringApp.iOS.csproj", "{F306BEB4-11DE-4537-BBF5-D7CC62C89476}"
EndProject
Project("{9A19103F-16F7-4668-BE54-9A1E7A4F7556}") = "TutoringApp", "TutoringApp\TutoringApp\TutoringApp.csproj", "{1AC54EC8-9360-4F8A-8C30-B04983BDFA29}"
EndProject
Project("{2150E333-8FDC-42A3-9474-1A3956D46DE8}") = "Mobile", "Mobile", "{EA481AC1-6A8A-4DDF-B90B-1B96C98CCA2E}"
EndProject
Project("{2150E333-8FDC-42A3-9474-1A3956D46DE8}") = "DBWebAPI", "DBWebAPI", "{6A23266A-4C01-4567-BEAA-C221D89A78C1}"
EndProject
Project("{FAE04EC0-301F-11D3-BF4B-00C04F79EFBC}") = "WebAPI", "WebAPI\WebAPI.csproj", "{79F750A1-7543-44DE-AB16-16846D22AB82}"
EndProject
Project("{D954291E-2A0B-460D-934E-DC6B0785DB48}") = "SkiaShared", "TutoringApp\SkiaShared\SkiaShared.shproj", "{A7126604-A63E-4DF9-9E85-2B87C835B72A}"
EndProject
Global
	GlobalSection(SharedMSBuildProjectFiles) = preSolution
		TutoringApp\SkiaShared\SkiaShared.projitems*{1ac54ec8-9360-4f8a-8c30-b04983bdfa29}*SharedItemsImports = 5
		TutoringApp\SkiaShared\SkiaShared.projitems*{a7126604-a63e-4df9-9e85-2b87c835b72a}*SharedItemsImports = 13
	EndGlobalSection
	GlobalSection(SolutionConfigurationPlatforms) = preSolution
		Debug|Any CPU = Debug|Any CPU
		Debug|iPhone = Debug|iPhone
		Debug|iPhoneSimulator = Debug|iPhoneSimulator
		Release|Any CPU = Release|Any CPU
		Release|iPhone = Release|iPhone
		Release|iPhoneSimulator = Release|iPhoneSimulator
	EndGlobalSection
	GlobalSection(ProjectConfigurationPlatforms) = postSolution
		{1FB49690-80F6-4894-9E5C-0D447AC5A8C6}.Debug|Any CPU.ActiveCfg = Debug|Any CPU
		{1FB49690-80F6-4894-9E5C-0D447AC5A8C6}.Debug|Any CPU.Build.0 = Debug|Any CPU
		{1FB49690-80F6-4894-9E5C-0D447AC5A8C6}.Debug|Any CPU.Deploy.0 = Debug|Any CPU
		{1FB49690-80F6-4894-9E5C-0D447AC5A8C6}.Debug|iPhone.ActiveCfg = Debug|Any CPU
		{1FB49690-80F6-4894-9E5C-0D447AC5A8C6}.Debug|iPhone.Build.0 = Debug|Any CPU
		{1FB49690-80F6-4894-9E5C-0D447AC5A8C6}.Debug|iPhone.Deploy.0 = Debug|Any CPU
		{1FB49690-80F6-4894-9E5C-0D447AC5A8C6}.Debug|iPhoneSimulator.ActiveCfg = Debug|Any CPU
		{1FB49690-80F6-4894-9E5C-0D447AC5A8C6}.Debug|iPhoneSimulator.Build.0 = Debug|Any CPU
		{1FB49690-80F6-4894-9E5C-0D447AC5A8C6}.Debug|iPhoneSimulator.Deploy.0 = Debug|Any CPU
		{1FB49690-80F6-4894-9E5C-0D447AC5A8C6}.Release|Any CPU.ActiveCfg = Release|Any CPU
		{1FB49690-80F6-4894-9E5C-0D447AC5A8C6}.Release|Any CPU.Build.0 = Release|Any CPU
		{1FB49690-80F6-4894-9E5C-0D447AC5A8C6}.Release|Any CPU.Deploy.0 = Release|Any CPU
		{1FB49690-80F6-4894-9E5C-0D447AC5A8C6}.Release|iPhone.ActiveCfg = Release|Any CPU
		{1FB49690-80F6-4894-9E5C-0D447AC5A8C6}.Release|iPhone.Build.0 = Release|Any CPU
		{1FB49690-80F6-4894-9E5C-0D447AC5A8C6}.Release|iPhone.Deploy.0 = Release|Any CPU
		{1FB49690-80F6-4894-9E5C-0D447AC5A8C6}.Release|iPhoneSimulator.ActiveCfg = Release|Any CPU
		{1FB49690-80F6-4894-9E5C-0D447AC5A8C6}.Release|iPhoneSimulator.Build.0 = Release|Any CPU
		{1FB49690-80F6-4894-9E5C-0D447AC5A8C6}.Release|iPhoneSimulator.Deploy.0 = Release|Any CPU
		{F306BEB4-11DE-4537-BBF5-D7CC62C89476}.Debug|Any CPU.ActiveCfg = Debug|iPhoneSimulator
		{F306BEB4-11DE-4537-BBF5-D7CC62C89476}.Debug|Any CPU.Build.0 = Debug|iPhoneSimulator
		{F306BEB4-11DE-4537-BBF5-D7CC62C89476}.Debug|Any CPU.Deploy.0 = Debug|iPhoneSimulator
		{F306BEB4-11DE-4537-BBF5-D7CC62C89476}.Debug|iPhone.ActiveCfg = Debug|iPhone
		{F306BEB4-11DE-4537-BBF5-D7CC62C89476}.Debug|iPhone.Build.0 = Debug|iPhone
		{F306BEB4-11DE-4537-BBF5-D7CC62C89476}.Debug|iPhone.Deploy.0 = Debug|iPhone
		{F306BEB4-11DE-4537-BBF5-D7CC62C89476}.Debug|iPhoneSimulator.ActiveCfg = Debug|iPhoneSimulator
		{F306BEB4-11DE-4537-BBF5-D7CC62C89476}.Debug|iPhoneSimulator.Build.0 = Debug|iPhoneSimulator
		{F306BEB4-11DE-4537-BBF5-D7CC62C89476}.Debug|iPhoneSimulator.Deploy.0 = Debug|iPhoneSimulator
		{F306BEB4-11DE-4537-BBF5-D7CC62C89476}.Release|Any CPU.ActiveCfg = Release|iPhone
		{F306BEB4-11DE-4537-BBF5-D7CC62C89476}.Release|Any CPU.Build.0 = Release|iPhone
		{F306BEB4-11DE-4537-BBF5-D7CC62C89476}.Release|Any CPU.Deploy.0 = Release|iPhone
		{F306BEB4-11DE-4537-BBF5-D7CC62C89476}.Release|iPhone.ActiveCfg = Release|iPhone
		{F306BEB4-11DE-4537-BBF5-D7CC62C89476}.Release|iPhone.Build.0 = Release|iPhone
		{F306BEB4-11DE-4537-BBF5-D7CC62C89476}.Release|iPhone.Deploy.0 = Release|iPhone
		{F306BEB4-11DE-4537-BBF5-D7CC62C89476}.Release|iPhoneSimulator.ActiveCfg = Release|iPhoneSimulator
		{F306BEB4-11DE-4537-BBF5-D7CC62C89476}.Release|iPhoneSimulator.Build.0 = Release|iPhoneSimulator
		{F306BEB4-11DE-4537-BBF5-D7CC62C89476}.Release|iPhoneSimulator.Deploy.0 = Release|iPhoneSimulator
		{1AC54EC8-9360-4F8A-8C30-B04983BDFA29}.Debug|Any CPU.ActiveCfg = Debug|Any CPU
		{1AC54EC8-9360-4F8A-8C30-B04983BDFA29}.Debug|Any CPU.Build.0 = Debug|Any CPU
		{1AC54EC8-9360-4F8A-8C30-B04983BDFA29}.Debug|Any CPU.Deploy.0 = Debug|Any CPU
		{1AC54EC8-9360-4F8A-8C30-B04983BDFA29}.Debug|iPhone.ActiveCfg = Debug|Any CPU
		{1AC54EC8-9360-4F8A-8C30-B04983BDFA29}.Debug|iPhone.Build.0 = Debug|Any CPU
		{1AC54EC8-9360-4F8A-8C30-B04983BDFA29}.Debug|iPhone.Deploy.0 = Debug|Any CPU
		{1AC54EC8-9360-4F8A-8C30-B04983BDFA29}.Debug|iPhoneSimulator.ActiveCfg = Debug|Any CPU
		{1AC54EC8-9360-4F8A-8C30-B04983BDFA29}.Debug|iPhoneSimulator.Build.0 = Debug|Any CPU
		{1AC54EC8-9360-4F8A-8C30-B04983BDFA29}.Debug|iPhoneSimulator.Deploy.0 = Debug|Any CPU
		{1AC54EC8-9360-4F8A-8C30-B04983BDFA29}.Release|Any CPU.ActiveCfg = Release|Any CPU
		{1AC54EC8-9360-4F8A-8C30-B04983BDFA29}.Release|Any CPU.Build.0 = Release|Any CPU
		{1AC54EC8-9360-4F8A-8C30-B04983BDFA29}.Release|Any CPU.Deploy.0 = Release|Any CPU
		{1AC54EC8-9360-4F8A-8C30-B04983BDFA29}.Release|iPhone.ActiveCfg = Release|Any CPU
		{1AC54EC8-9360-4F8A-8C30-B04983BDFA29}.Release|iPhone.Build.0 = Release|Any CPU
		{1AC54EC8-9360-4F8A-8C30-B04983BDFA29}.Release|iPhone.Deploy.0 = Release|Any CPU
		{1AC54EC8-9360-4F8A-8C30-B04983BDFA29}.Release|iPhoneSimulator.ActiveCfg = Release|Any CPU
		{1AC54EC8-9360-4F8A-8C30-B04983BDFA29}.Release|iPhoneSimulator.Build.0 = Release|Any CPU
		{1AC54EC8-9360-4F8A-8C30-B04983BDFA29}.Release|iPhoneSimulator.Deploy.0 = Release|Any CPU
		{79F750A1-7543-44DE-AB16-16846D22AB82}.Debug|Any CPU.ActiveCfg = Debug|Any CPU
		{79F750A1-7543-44DE-AB16-16846D22AB82}.Debug|Any CPU.Build.0 = Debug|Any CPU
		{79F750A1-7543-44DE-AB16-16846D22AB82}.Debug|iPhone.ActiveCfg = Debug|Any CPU
		{79F750A1-7543-44DE-AB16-16846D22AB82}.Debug|iPhone.Build.0 = Debug|Any CPU
		{79F750A1-7543-44DE-AB16-16846D22AB82}.Debug|iPhoneSimulator.ActiveCfg = Debug|Any CPU
		{79F750A1-7543-44DE-AB16-16846D22AB82}.Debug|iPhoneSimulator.Build.0 = Debug|Any CPU
		{79F750A1-7543-44DE-AB16-16846D22AB82}.Release|Any CPU.ActiveCfg = Release|Any CPU
		{79F750A1-7543-44DE-AB16-16846D22AB82}.Release|Any CPU.Build.0 = Release|Any CPU
		{79F750A1-7543-44DE-AB16-16846D22AB82}.Release|iPhone.ActiveCfg = Release|Any CPU
		{79F750A1-7543-44DE-AB16-16846D22AB82}.Release|iPhone.Build.0 = Release|Any CPU
		{79F750A1-7543-44DE-AB16-16846D22AB82}.Release|iPhoneSimulator.ActiveCfg = Release|Any CPU
		{79F750A1-7543-44DE-AB16-16846D22AB82}.Release|iPhoneSimulator.Build.0 = Release|Any CPU
	EndGlobalSection
	GlobalSection(SolutionProperties) = preSolution
		HideSolutionNode = FALSE
	EndGlobalSection
	GlobalSection(NestedProjects) = preSolution
		{1FB49690-80F6-4894-9E5C-0D447AC5A8C6} = {EA481AC1-6A8A-4DDF-B90B-1B96C98CCA2E}
		{F306BEB4-11DE-4537-BBF5-D7CC62C89476} = {EA481AC1-6A8A-4DDF-B90B-1B96C98CCA2E}
		{1AC54EC8-9360-4F8A-8C30-B04983BDFA29} = {EA481AC1-6A8A-4DDF-B90B-1B96C98CCA2E}
		{79F750A1-7543-44DE-AB16-16846D22AB82} = {6A23266A-4C01-4567-BEAA-C221D89A78C1}
		{A7126604-A63E-4DF9-9E85-2B87C835B72A} = {EA481AC1-6A8A-4DDF-B90B-1B96C98CCA2E}
	EndGlobalSection
	GlobalSection(ExtensibilityGlobals) = postSolution
		SolutionGuid = {C9FA1A69-5541-4C16-BA20-02DCC20E8DDA}
	EndGlobalSection
EndGlobal
